
Microsoft Visual Studio Solution File, Format Version 12.00
# Visual Studio 15
VisualStudioVersion = 15.0.26430.16
MinimumVisualStudioVersion = 10.0.40219.1
Project("{FAE04EC0-301F-11D3-BF4B-00C04F79EFBC}") = "Phone", "Phone\Phone.csproj", "{2900C89C-6753-4C07-8293-48F685C7C37F}"
EndProject
Project("{FAE04EC0-301F-11D3-BF4B-00C04F79EFBC}") = "DAL", "DAL\DAL.csproj", "{B512D1F6-54EE-48D8-9C3D-8439744343E2}"
EndProject
Project("{FAE04EC0-301F-11D3-BF4B-00C04F79EFBC}") = "BLL", "BLL\BLL.csproj", "{035349C9-5901-4B3A-AD57-52FA595EBB40}"
EndProject
Project("{FAE04EC0-301F-11D3-BF4B-00C04F79EFBC}") = "Entidades", "Entidades\Entidades.csproj", "{9F048E3E-5375-4DE8-975F-D54754BC707C}"
EndProject
Global
	GlobalSection(SolutionConfigurationPlatforms) = preSolution
		Debug|Any CPU = Debug|Any CPU
		Release|Any CPU = Release|Any CPU
	EndGlobalSection
	GlobalSection(ProjectConfigurationPlatforms) = postSolution
		{2900C89C-6753-4C07-8293-48F685C7C37F}.Debug|Any CPU.ActiveCfg = Debug|Any CPU
		{2900C89C-6753-4C07-8293-48F685C7C37F}.Debug|Any CPU.Build.0 = Debug|Any CPU
		{2900C89C-6753-4C07-8293-48F685C7C37F}.Release|Any CPU.ActiveCfg = Release|Any CPU
		{2900C89C-6753-4C07-8293-48F685C7C37F}.Release|Any CPU.Build.0 = Release|Any CPU
		{B512D1F6-54EE-48D8-9C3D-8439744343E2}.Debug|Any CPU.ActiveCfg = Debug|Any CPU
		{B512D1F6-54EE-48D8-9C3D-8439744343E2}.Debug|Any CPU.Build.0 = Debug|Any CPU
		{B512D1F6-54EE-48D8-9C3D-8439744343E2}.Release|Any CPU.ActiveCfg = Release|Any CPU
		{B512D1F6-54EE-48D8-9C3D-8439744343E2}.Release|Any CPU.Build.0 = Release|Any CPU
		{035349C9-5901-4B3A-AD57-52FA595EBB40}.Debug|Any CPU.ActiveCfg = Debug|Any CPU
		{035349C9-5901-4B3A-AD57-52FA595EBB40}.Debug|Any CPU.Build.0 = Debug|Any CPU
		{035349C9-5901-4B3A-AD57-52FA595EBB40}.Release|Any CPU.ActiveCfg = Release|Any CPU
		{035349C9-5901-4B3A-AD57-52FA595EBB40}.Release|Any CPU.Build.0 = Release|Any CPU
		{9F048E3E-5375-4DE8-975F-D54754BC707C}.Debug|Any CPU.ActiveCfg = Debug|Any CPU
		{9F048E3E-5375-4DE8-975F-D54754BC707C}.Debug|Any CPU.Build.0 = Debug|Any CPU
		{9F048E3E-5375-4DE8-975F-D54754BC707C}.Release|Any CPU.ActiveCfg = Release|Any CPU
		{9F048E3E-5375-4DE8-975F-D54754BC707C}.Release|Any CPU.Build.0 = Release|Any CPU
	EndGlobalSection
	GlobalSection(SolutionProperties) = preSolution
		HideSolutionNode = FALSE
	EndGlobalSection
EndGlobal
